
Microsoft Visual Studio Solution File, Format Version 12.00
Project("{FAE04EC0-301F-11D3-BF4B-00C04F79EFBC}") = "BIGsort.ConsoleApp", "BIGsort.ConsoleApp\BIGsort.ConsoleApp.csproj", "{EBDFDBEB-6D05-4A22-B207-A32207B9B576}"
EndProject
Project("{FAE04EC0-301F-11D3-BF4B-00C04F79EFBC}") = "BIGsort.Lib", "BIGsort.Lib\BIGsort.Lib.csproj", "{C5370443-A386-40DE-B8AE-9D34D2D45403}"
EndProject
Global
	GlobalSection(SolutionConfigurationPlatforms) = preSolution
		Debug|Any CPU = Debug|Any CPU
		Release|Any CPU = Release|Any CPU
	EndGlobalSection
	GlobalSection(ProjectConfigurationPlatforms) = postSolution
		{EBDFDBEB-6D05-4A22-B207-A32207B9B576}.Debug|Any CPU.ActiveCfg = Debug|Any CPU
		{EBDFDBEB-6D05-4A22-B207-A32207B9B576}.Debug|Any CPU.Build.0 = Debug|Any CPU
		{EBDFDBEB-6D05-4A22-B207-A32207B9B576}.Release|Any CPU.ActiveCfg = Release|Any CPU
		{EBDFDBEB-6D05-4A22-B207-A32207B9B576}.Release|Any CPU.Build.0 = Release|Any CPU
		{C5370443-A386-40DE-B8AE-9D34D2D45403}.Debug|Any CPU.ActiveCfg = Debug|Any CPU
		{C5370443-A386-40DE-B8AE-9D34D2D45403}.Debug|Any CPU.Build.0 = Debug|Any CPU
		{C5370443-A386-40DE-B8AE-9D34D2D45403}.Release|Any CPU.ActiveCfg = Release|Any CPU
		{C5370443-A386-40DE-B8AE-9D34D2D45403}.Release|Any CPU.Build.0 = Release|Any CPU
	EndGlobalSection
EndGlobal
